
Microsoft Visual Studio Solution File, Format Version 12.00
# Visual Studio 15
Project("{FAE04EC0-301F-11D3-BF4B-00C04F79EFBC}") = "Assembly-CSharp", "Assembly-CSharp.csproj", "{37A115A0-B295-FE46-F789-5D2C37855BEA}"
EndProject
Project("{FAE04EC0-301F-11D3-BF4B-00C04F79EFBC}") = "Assembly-CSharp-Editor", "Assembly-CSharp-Editor.csproj", "{8DFF8E76-3D17-4CD9-8518-38E5F4454C93}"
EndProject
Global
	GlobalSection(SolutionConfigurationPlatforms) = preSolution
		Debug|Any CPU = Debug|Any CPU
		Release|Any CPU = Release|Any CPU
	EndGlobalSection
	GlobalSection(ProjectConfigurationPlatforms) = postSolution
		{37A115A0-B295-FE46-F789-5D2C37855BEA}.Debug|Any CPU.ActiveCfg = Debug|Any CPU
		{37A115A0-B295-FE46-F789-5D2C37855BEA}.Debug|Any CPU.Build.0 = Debug|Any CPU
		{37A115A0-B295-FE46-F789-5D2C37855BEA}.Release|Any CPU.ActiveCfg = Release|Any CPU
		{37A115A0-B295-FE46-F789-5D2C37855BEA}.Release|Any CPU.Build.0 = Release|Any CPU
		{8DFF8E76-3D17-4CD9-8518-38E5F4454C93}.Debug|Any CPU.ActiveCfg = Debug|Any CPU
		{8DFF8E76-3D17-4CD9-8518-38E5F4454C93}.Debug|Any CPU.Build.0 = Debug|Any CPU
		{8DFF8E76-3D17-4CD9-8518-38E5F4454C93}.Release|Any CPU.ActiveCfg = Release|Any CPU
		{8DFF8E76-3D17-4CD9-8518-38E5F4454C93}.Release|Any CPU.Build.0 = Release|Any CPU
	EndGlobalSection
	GlobalSection(SolutionProperties) = preSolution
		HideSolutionNode = FALSE
	EndGlobalSection
EndGlobal
